// !$*UTF8*$!
{
	archiveVersion = 1;
	classes = {
	};
	objectVersion = 46;
	objects = {

/* Begin PBXBuildFile section */
		674246B21C218337007ECAB9 /* IAPPaymentTransaction.swift in Sources */ = {isa = PBXBuildFile; fileRef = 67E61EDC1C20620E006CA845 /* IAPPaymentTransaction.swift */; };
		674246B41C21F1A7007ECAB9 /* IAPHydrateable.swift in Sources */ = {isa = PBXBuildFile; fileRef = 674246B31C21F1A7007ECAB9 /* IAPHydrateable.swift */; };
		674246B61C21F30E007ECAB9 /* IAPTupleModel.swift in Sources */ = {isa = PBXBuildFile; fileRef = 674246B51C21F30E007ECAB9 /* IAPTupleModel.swift */; };
		674246B71C220021007ECAB9 /* IAPHydrateable.swift in Sources */ = {isa = PBXBuildFile; fileRef = 674246B31C21F1A7007ECAB9 /* IAPHydrateable.swift */; };
		674246B81C2202B0007ECAB9 /* IAPTupleModel.swift in Sources */ = {isa = PBXBuildFile; fileRef = 674246B51C21F30E007ECAB9 /* IAPTupleModel.swift */; };
		674246BA1C221899007ECAB9 /* IAPTupleModelTests.swift in Sources */ = {isa = PBXBuildFile; fileRef = 674246B91C221899007ECAB9 /* IAPTupleModelTests.swift */; };
		67E61EBB1C205C3C006CA845 /* InAppPurchase.h in Headers */ = {isa = PBXBuildFile; fileRef = 67E61EBA1C205C3C006CA845 /* InAppPurchase.h */; settings = {ATTRIBUTES = (Public, ); }; };
		67E61EC21C205C3C006CA845 /* InAppPurchase.framework in Frameworks */ = {isa = PBXBuildFile; fileRef = 67E61EB71C205C3C006CA845 /* InAppPurchase.framework */; };
		67E61ED31C205C6B006CA845 /* InAppPurchase.swift in Sources */ = {isa = PBXBuildFile; fileRef = 67E61ED21C205C6B006CA845 /* InAppPurchase.swift */; };
		67E61ED61C205D6D006CA845 /* IAPNetworkService.swift in Sources */ = {isa = PBXBuildFile; fileRef = 67E61ED51C205D6D006CA845 /* IAPNetworkService.swift */; };
		67E61ED81C205D83006CA845 /* IAPDateExtensions.swift in Sources */ = {isa = PBXBuildFile; fileRef = 67E61ED71C205D83006CA845 /* IAPDateExtensions.swift */; };
		67E61EDA1C205DB8006CA845 /* IAPConstants.swift in Sources */ = {isa = PBXBuildFile; fileRef = 67E61ED91C205DB8006CA845 /* IAPConstants.swift */; };
		67E61EDD1C20620E006CA845 /* IAPPaymentTransaction.swift in Sources */ = {isa = PBXBuildFile; fileRef = 67E61EDC1C20620E006CA845 /* IAPPaymentTransaction.swift */; };
		67E61EDF1C206423006CA845 /* IAPNetworkServiceTests.swift in Sources */ = {isa = PBXBuildFile; fileRef = 67E61EDE1C206423006CA845 /* IAPNetworkServiceTests.swift */; };
		67E61EE01C206572006CA845 /* IAPNetworkService.swift in Sources */ = {isa = PBXBuildFile; fileRef = 67E61ED51C205D6D006CA845 /* IAPNetworkService.swift */; };
		67E61EE21C2065BF006CA845 /* MockIAPNetworkService.swift in Sources */ = {isa = PBXBuildFile; fileRef = 67E61EE11C2065BF006CA845 /* MockIAPNetworkService.swift */; };
		67E61EE31C20673D006CA845 /* IAPConstants.swift in Sources */ = {isa = PBXBuildFile; fileRef = 67E61ED91C205DB8006CA845 /* IAPConstants.swift */; };
		67E61EE41C206863006CA845 /* IAPDateExtensions.swift in Sources */ = {isa = PBXBuildFile; fileRef = 67E61ED71C205D83006CA845 /* IAPDateExtensions.swift */; };
		67E61EE71C207C86006CA845 /* IAPResponseStatusTests.swift in Sources */ = {isa = PBXBuildFile; fileRef = 67E61EE61C207C86006CA845 /* IAPResponseStatusTests.swift */; };
		67E61EE91C207D28006CA845 /* IAPInitalizationTests.swift in Sources */ = {isa = PBXBuildFile; fileRef = 67E61EE81C207D28006CA845 /* IAPInitalizationTests.swift */; };
		67E61EEB1C207D4B006CA845 /* IAPResponseValidateReceiptTests.swift in Sources */ = {isa = PBXBuildFile; fileRef = 67E61EEA1C207D4B006CA845 /* IAPResponseValidateReceiptTests.swift */; };
		67E61EED1C207D5D006CA845 /* IAPResponseSaveReceiptTests.swift in Sources */ = {isa = PBXBuildFile; fileRef = 67E61EEC1C207D5D006CA845 /* IAPResponseSaveReceiptTests.swift */; };
		67E61EEF1C207D74006CA845 /* IAPResponseConsumableTests.swift in Sources */ = {isa = PBXBuildFile; fileRef = 67E61EEE1C207D74006CA845 /* IAPResponseConsumableTests.swift */; };
		67E61EF11C207D81006CA845 /* IAPResponseNonConsumableTests.swift in Sources */ = {isa = PBXBuildFile; fileRef = 67E61EF01C207D81006CA845 /* IAPResponseNonConsumableTests.swift */; };
		67E61EF31C207D9B006CA845 /* IAPResponseEntitlementTests.swift in Sources */ = {isa = PBXBuildFile; fileRef = 67E61EF21C207D9B006CA845 /* IAPResponseEntitlementTests.swift */; };
		67E61EF71C20845F006CA845 /* InAppPurchase.swift in Sources */ = {isa = PBXBuildFile; fileRef = 67E61ED21C205C6B006CA845 /* InAppPurchase.swift */; };
		67E61EF91C208FE7006CA845 /* IAPModel.swift in Sources */ = {isa = PBXBuildFile; fileRef = 67E61EF81C208FE7006CA845 /* IAPModel.swift */; };
		67E61EFB1C209192006CA845 /* IAPEntitlementModel.swift in Sources */ = {isa = PBXBuildFile; fileRef = 67E61EFA1C209192006CA845 /* IAPEntitlementModel.swift */; };
		67E61EFD1C216D09006CA845 /* IAPModel.swift in Sources */ = {isa = PBXBuildFile; fileRef = 67E61EF81C208FE7006CA845 /* IAPModel.swift */; };
		67E61EFE1C216D0D006CA845 /* IAPEntitlementModel.swift in Sources */ = {isa = PBXBuildFile; fileRef = 67E61EFA1C209192006CA845 /* IAPEntitlementModel.swift */; };
		67E61F001C217601006CA845 /* IAPModelHydrationTests.swift in Sources */ = {isa = PBXBuildFile; fileRef = 67E61EFF1C217601006CA845 /* IAPModelHydrationTests.swift */; };
		67E61F021C217624006CA845 /* IAPEntitlementHydrationTests.swift in Sources */ = {isa = PBXBuildFile; fileRef = 67E61F011C217624006CA845 /* IAPEntitlementHydrationTests.swift */; };
		67F7972A1C22D5620030EF2A /* IAPResponseValidateEntitlementTests.swift in Sources */ = {isa = PBXBuildFile; fileRef = 67F797291C22D5620030EF2A /* IAPResponseValidateEntitlementTests.swift */; };
		67F7972B1C22DAB30030EF2A /* Localizable.strings in Resources */ = {isa = PBXBuildFile; fileRef = 67F7972D1C22DAB30030EF2A /* Localizable.strings */; };
		67F7972E1C22DBE40030EF2A /* Localizable.strings in Resources */ = {isa = PBXBuildFile; fileRef = 67F7972D1C22DAB30030EF2A /* Localizable.strings */; };
		67F797301C22E16C0030EF2A /* IAPPaymentTransactionTests.swift in Sources */ = {isa = PBXBuildFile; fileRef = 67F7972F1C22E16C0030EF2A /* IAPPaymentTransactionTests.swift */; };
		67F797321C22F3AF0030EF2A /* MockIAPPaymentTransaction.swift in Sources */ = {isa = PBXBuildFile; fileRef = 67F797311C22F3AF0030EF2A /* MockIAPPaymentTransaction.swift */; };
/* End PBXBuildFile section */

/* Begin PBXContainerItemProxy section */
		67E61EC31C205C3C006CA845 /* PBXContainerItemProxy */ = {
			isa = PBXContainerItemProxy;
			containerPortal = 67E61EAE1C205C3C006CA845 /* Project object */;
			proxyType = 1;
			remoteGlobalIDString = 67E61EB61C205C3C006CA845;
			remoteInfo = InAppPurchase;
		};
/* End PBXContainerItemProxy section */

/* Begin PBXFileReference section */
		674246B31C21F1A7007ECAB9 /* IAPHydrateable.swift */ = {isa = PBXFileReference; fileEncoding = 4; lastKnownFileType = sourcecode.swift; path = IAPHydrateable.swift; sourceTree = "<group>"; };
		674246B51C21F30E007ECAB9 /* IAPTupleModel.swift */ = {isa = PBXFileReference; fileEncoding = 4; lastKnownFileType = sourcecode.swift; path = IAPTupleModel.swift; sourceTree = "<group>"; };
		674246B91C221899007ECAB9 /* IAPTupleModelTests.swift */ = {isa = PBXFileReference; fileEncoding = 4; lastKnownFileType = sourcecode.swift; path = IAPTupleModelTests.swift; sourceTree = "<group>"; };
		67E61EB71C205C3C006CA845 /* InAppPurchase.framework */ = {isa = PBXFileReference; explicitFileType = wrapper.framework; includeInIndex = 0; path = InAppPurchase.framework; sourceTree = BUILT_PRODUCTS_DIR; };
		67E61EBA1C205C3C006CA845 /* InAppPurchase.h */ = {isa = PBXFileReference; lastKnownFileType = sourcecode.c.h; path = InAppPurchase.h; sourceTree = "<group>"; };
		67E61EBC1C205C3C006CA845 /* Info.plist */ = {isa = PBXFileReference; lastKnownFileType = text.plist.xml; path = Info.plist; sourceTree = "<group>"; };
		67E61EC11C205C3C006CA845 /* InAppPurchaseTests.xctest */ = {isa = PBXFileReference; explicitFileType = wrapper.cfbundle; includeInIndex = 0; path = InAppPurchaseTests.xctest; sourceTree = BUILT_PRODUCTS_DIR; };
		67E61EC81C205C3C006CA845 /* Info.plist */ = {isa = PBXFileReference; lastKnownFileType = text.plist.xml; path = Info.plist; sourceTree = "<group>"; };
		67E61ED21C205C6B006CA845 /* InAppPurchase.swift */ = {isa = PBXFileReference; fileEncoding = 4; lastKnownFileType = sourcecode.swift; path = InAppPurchase.swift; sourceTree = "<group>"; };
		67E61ED51C205D6D006CA845 /* IAPNetworkService.swift */ = {isa = PBXFileReference; fileEncoding = 4; lastKnownFileType = sourcecode.swift; path = IAPNetworkService.swift; sourceTree = "<group>"; };
		67E61ED71C205D83006CA845 /* IAPDateExtensions.swift */ = {isa = PBXFileReference; fileEncoding = 4; lastKnownFileType = sourcecode.swift; path = IAPDateExtensions.swift; sourceTree = "<group>"; };
		67E61ED91C205DB8006CA845 /* IAPConstants.swift */ = {isa = PBXFileReference; fileEncoding = 4; lastKnownFileType = sourcecode.swift; path = IAPConstants.swift; sourceTree = "<group>"; };
		67E61EDC1C20620E006CA845 /* IAPPaymentTransaction.swift */ = {isa = PBXFileReference; fileEncoding = 4; lastKnownFileType = sourcecode.swift; path = IAPPaymentTransaction.swift; sourceTree = "<group>"; };
		67E61EDE1C206423006CA845 /* IAPNetworkServiceTests.swift */ = {isa = PBXFileReference; fileEncoding = 4; lastKnownFileType = sourcecode.swift; path = IAPNetworkServiceTests.swift; sourceTree = "<group>"; };
		67E61EE11C2065BF006CA845 /* MockIAPNetworkService.swift */ = {isa = PBXFileReference; fileEncoding = 4; lastKnownFileType = sourcecode.swift; path = MockIAPNetworkService.swift; sourceTree = "<group>"; };
		67E61EE61C207C86006CA845 /* IAPResponseStatusTests.swift */ = {isa = PBXFileReference; fileEncoding = 4; lastKnownFileType = sourcecode.swift; path = IAPResponseStatusTests.swift; sourceTree = "<group>"; };
		67E61EE81C207D28006CA845 /* IAPInitalizationTests.swift */ = {isa = PBXFileReference; fileEncoding = 4; lastKnownFileType = sourcecode.swift; path = IAPInitalizationTests.swift; sourceTree = "<group>"; };
		67E61EEA1C207D4B006CA845 /* IAPResponseValidateReceiptTests.swift */ = {isa = PBXFileReference; fileEncoding = 4; lastKnownFileType = sourcecode.swift; path = IAPResponseValidateReceiptTests.swift; sourceTree = "<group>"; };
		67E61EEC1C207D5D006CA845 /* IAPResponseSaveReceiptTests.swift */ = {isa = PBXFileReference; fileEncoding = 4; lastKnownFileType = sourcecode.swift; path = IAPResponseSaveReceiptTests.swift; sourceTree = "<group>"; };
		67E61EEE1C207D74006CA845 /* IAPResponseConsumableTests.swift */ = {isa = PBXFileReference; fileEncoding = 4; lastKnownFileType = sourcecode.swift; path = IAPResponseConsumableTests.swift; sourceTree = "<group>"; };
		67E61EF01C207D81006CA845 /* IAPResponseNonConsumableTests.swift */ = {isa = PBXFileReference; fileEncoding = 4; lastKnownFileType = sourcecode.swift; path = IAPResponseNonConsumableTests.swift; sourceTree = "<group>"; };
		67E61EF21C207D9B006CA845 /* IAPResponseEntitlementTests.swift */ = {isa = PBXFileReference; fileEncoding = 4; lastKnownFileType = sourcecode.swift; path = IAPResponseEntitlementTests.swift; sourceTree = "<group>"; };
		67E61EF81C208FE7006CA845 /* IAPModel.swift */ = {isa = PBXFileReference; fileEncoding = 4; lastKnownFileType = sourcecode.swift; path = IAPModel.swift; sourceTree = "<group>"; };
		67E61EFA1C209192006CA845 /* IAPEntitlementModel.swift */ = {isa = PBXFileReference; fileEncoding = 4; lastKnownFileType = sourcecode.swift; path = IAPEntitlementModel.swift; sourceTree = "<group>"; };
		67E61EFF1C217601006CA845 /* IAPModelHydrationTests.swift */ = {isa = PBXFileReference; fileEncoding = 4; lastKnownFileType = sourcecode.swift; path = IAPModelHydrationTests.swift; sourceTree = "<group>"; };
		67E61F011C217624006CA845 /* IAPEntitlementHydrationTests.swift */ = {isa = PBXFileReference; fileEncoding = 4; lastKnownFileType = sourcecode.swift; path = IAPEntitlementHydrationTests.swift; sourceTree = "<group>"; };
		67F797291C22D5620030EF2A /* IAPResponseValidateEntitlementTests.swift */ = {isa = PBXFileReference; fileEncoding = 4; lastKnownFileType = sourcecode.swift; path = IAPResponseValidateEntitlementTests.swift; sourceTree = "<group>"; };
		67F7972C1C22DAB30030EF2A /* en */ = {isa = PBXFileReference; lastKnownFileType = text.plist.strings; name = en; path = en.lproj/Localizable.strings; sourceTree = "<group>"; };
		67F7972F1C22E16C0030EF2A /* IAPPaymentTransactionTests.swift */ = {isa = PBXFileReference; fileEncoding = 4; lastKnownFileType = sourcecode.swift; path = IAPPaymentTransactionTests.swift; sourceTree = "<group>"; };
		67F797311C22F3AF0030EF2A /* MockIAPPaymentTransaction.swift */ = {isa = PBXFileReference; fileEncoding = 4; lastKnownFileType = sourcecode.swift; path = MockIAPPaymentTransaction.swift; sourceTree = "<group>"; };
/* End PBXFileReference section */

/* Begin PBXFrameworksBuildPhase section */
		67E61EB31C205C3C006CA845 /* Frameworks */ = {
			isa = PBXFrameworksBuildPhase;
			buildActionMask = 2147483647;
			files = (
			);
			runOnlyForDeploymentPostprocessing = 0;
		};
		67E61EBE1C205C3C006CA845 /* Frameworks */ = {
			isa = PBXFrameworksBuildPhase;
			buildActionMask = 2147483647;
			files = (
				67E61EC21C205C3C006CA845 /* InAppPurchase.framework in Frameworks */,
			);
			runOnlyForDeploymentPostprocessing = 0;
		};
/* End PBXFrameworksBuildPhase section */

/* Begin PBXGroup section */
		67E61EAD1C205C3C006CA845 = {
			isa = PBXGroup;
			children = (
				67E61EB91C205C3C006CA845 /* InAppPurchase */,
				67E61EC51C205C3C006CA845 /* InAppPurchaseTests */,
				67E61EB81C205C3C006CA845 /* Products */,
			);
			sourceTree = "<group>";
		};
		67E61EB81C205C3C006CA845 /* Products */ = {
			isa = PBXGroup;
			children = (
				67E61EB71C205C3C006CA845 /* InAppPurchase.framework */,
				67E61EC11C205C3C006CA845 /* InAppPurchaseTests.xctest */,
			);
			name = Products;
			sourceTree = "<group>";
		};
		67E61EB91C205C3C006CA845 /* InAppPurchase */ = {
			isa = PBXGroup;
			children = (
				67E61EF51C207E07006CA845 /* Configuration */,
				67E61ED21C205C6B006CA845 /* InAppPurchase.swift */,
				67E61ED51C205D6D006CA845 /* IAPNetworkService.swift */,
				67E61ED71C205D83006CA845 /* IAPDateExtensions.swift */,
				67E61ED91C205DB8006CA845 /* IAPConstants.swift */,
				67E61EDC1C20620E006CA845 /* IAPPaymentTransaction.swift */,
				67E61EFC1C209195006CA845 /* DataModel */,
			);
			path = InAppPurchase;
			sourceTree = "<group>";
		};
		67E61EC51C205C3C006CA845 /* InAppPurchaseTests */ = {
			isa = PBXGroup;
			children = (
				67E61EF61C207E0F006CA845 /* Configuration */,
				67E61EE81C207D28006CA845 /* IAPInitalizationTests.swift */,
				67E61EDE1C206423006CA845 /* IAPNetworkServiceTests.swift */,
				67E61EEA1C207D4B006CA845 /* IAPResponseValidateReceiptTests.swift */,
				67E61EEC1C207D5D006CA845 /* IAPResponseSaveReceiptTests.swift */,
				67E61EEE1C207D74006CA845 /* IAPResponseConsumableTests.swift */,
				67E61EF01C207D81006CA845 /* IAPResponseNonConsumableTests.swift */,
				67E61EF21C207D9B006CA845 /* IAPResponseEntitlementTests.swift */,
				67F797291C22D5620030EF2A /* IAPResponseValidateEntitlementTests.swift */,
				67E61EE61C207C86006CA845 /* IAPResponseStatusTests.swift */,
				67E61EFF1C217601006CA845 /* IAPModelHydrationTests.swift */,
				67E61F011C217624006CA845 /* IAPEntitlementHydrationTests.swift */,
				674246B91C221899007ECAB9 /* IAPTupleModelTests.swift */,
				67F7972F1C22E16C0030EF2A /* IAPPaymentTransactionTests.swift */,
				67E61EF41C207DAF006CA845 /* Mocks */,
			);
			path = InAppPurchaseTests;
			sourceTree = "<group>";
		};
		67E61EF41C207DAF006CA845 /* Mocks */ = {
			isa = PBXGroup;
			children = (
				67E61EE11C2065BF006CA845 /* MockIAPNetworkService.swift */,
				67F797311C22F3AF0030EF2A /* MockIAPPaymentTransaction.swift */,
			);
			name = Mocks;
			sourceTree = "<group>";
		};
		67E61EF51C207E07006CA845 /* Configuration */ = {
			isa = PBXGroup;
			children = (
				67E61EBA1C205C3C006CA845 /* InAppPurchase.h */,
				67E61EBC1C205C3C006CA845 /* Info.plist */,
				67F7972D1C22DAB30030EF2A /* Localizable.strings */,
			);
			name = Configuration;
			sourceTree = "<group>";
		};
		67E61EF61C207E0F006CA845 /* Configuration */ = {
			isa = PBXGroup;
			children = (
				67E61EC81C205C3C006CA845 /* Info.plist */,
			);
			name = Configuration;
			sourceTree = "<group>";
		};
		67E61EFC1C209195006CA845 /* DataModel */ = {
			isa = PBXGroup;
			children = (
				674246B31C21F1A7007ECAB9 /* IAPHydrateable.swift */,
				67E61EF81C208FE7006CA845 /* IAPModel.swift */,
				67E61EFA1C209192006CA845 /* IAPEntitlementModel.swift */,
				674246B51C21F30E007ECAB9 /* IAPTupleModel.swift */,
			);
			name = DataModel;
			sourceTree = "<group>";
		};
/* End PBXGroup section */

/* Begin PBXHeadersBuildPhase section */
		67E61EB41C205C3C006CA845 /* Headers */ = {
			isa = PBXHeadersBuildPhase;
			buildActionMask = 2147483647;
			files = (
				67E61EBB1C205C3C006CA845 /* InAppPurchase.h in Headers */,
			);
			runOnlyForDeploymentPostprocessing = 0;
		};
/* End PBXHeadersBuildPhase section */

/* Begin PBXNativeTarget section */
		67E61EB61C205C3C006CA845 /* InAppPurchase */ = {
			isa = PBXNativeTarget;
			buildConfigurationList = 67E61ECB1C205C3C006CA845 /* Build configuration list for PBXNativeTarget "InAppPurchase" */;
			buildPhases = (
				67E61EB21C205C3C006CA845 /* Sources */,
				67E61EB31C205C3C006CA845 /* Frameworks */,
				67E61EB41C205C3C006CA845 /* Headers */,
				67E61EB51C205C3C006CA845 /* Resources */,
				67E61ED11C205C4F006CA845 /* Create Universal Framework */,
			);
			buildRules = (
			);
			dependencies = (
			);
			name = InAppPurchase;
			productName = InAppPurchase;
			productReference = 67E61EB71C205C3C006CA845 /* InAppPurchase.framework */;
			productType = "com.apple.product-type.framework";
		};
		67E61EC01C205C3C006CA845 /* InAppPurchaseTests */ = {
			isa = PBXNativeTarget;
			buildConfigurationList = 67E61ECE1C205C3C006CA845 /* Build configuration list for PBXNativeTarget "InAppPurchaseTests" */;
			buildPhases = (
				67E61EBD1C205C3C006CA845 /* Sources */,
				67E61EBE1C205C3C006CA845 /* Frameworks */,
				67E61EBF1C205C3C006CA845 /* Resources */,
			);
			buildRules = (
			);
			dependencies = (
				67E61EC41C205C3C006CA845 /* PBXTargetDependency */,
			);
			name = InAppPurchaseTests;
			productName = InAppPurchaseTests;
			productReference = 67E61EC11C205C3C006CA845 /* InAppPurchaseTests.xctest */;
			productType = "com.apple.product-type.bundle.unit-test";
		};
/* End PBXNativeTarget section */

/* Begin PBXProject section */
		67E61EAE1C205C3C006CA845 /* Project object */ = {
			isa = PBXProject;
			attributes = {
				LastSwiftUpdateCheck = 0720;
				LastUpgradeCheck = 0720;
				ORGANIZATIONNAME = nthState;
				TargetAttributes = {
					67E61EB61C205C3C006CA845 = {
						CreatedOnToolsVersion = 7.2;
					};
					67E61EC01C205C3C006CA845 = {
						CreatedOnToolsVersion = 7.2;
					};
				};
			};
			buildConfigurationList = 67E61EB11C205C3C006CA845 /* Build configuration list for PBXProject "InAppPurchase" */;
			compatibilityVersion = "Xcode 3.2";
			developmentRegion = English;
			hasScannedForEncodings = 0;
			knownRegions = (
				en,
			);
			mainGroup = 67E61EAD1C205C3C006CA845;
			productRefGroup = 67E61EB81C205C3C006CA845 /* Products */;
			projectDirPath = "";
			projectRoot = "";
			targets = (
				67E61EB61C205C3C006CA845 /* InAppPurchase */,
				67E61EC01C205C3C006CA845 /* InAppPurchaseTests */,
			);
		};
/* End PBXProject section */

/* Begin PBXResourcesBuildPhase section */
		67E61EB51C205C3C006CA845 /* Resources */ = {
			isa = PBXResourcesBuildPhase;
			buildActionMask = 2147483647;
			files = (
				67F7972B1C22DAB30030EF2A /* Localizable.strings in Resources */,
			);
			runOnlyForDeploymentPostprocessing = 0;
		};
		67E61EBF1C205C3C006CA845 /* Resources */ = {
			isa = PBXResourcesBuildPhase;
			buildActionMask = 2147483647;
			files = (
				67F7972E1C22DBE40030EF2A /* Localizable.strings in Resources */,
			);
			runOnlyForDeploymentPostprocessing = 0;
		};
/* End PBXResourcesBuildPhase section */

/* Begin PBXShellScriptBuildPhase section */
		67E61ED11C205C4F006CA845 /* Create Universal Framework */ = {
			isa = PBXShellScriptBuildPhase;
			buildActionMask = 2147483647;
			files = (
			);
			inputPaths = (
			);
			name = "Create Universal Framework";
			outputPaths = (
			);
			runOnlyForDeploymentPostprocessing = 0;
			shellPath = /bin/sh;
			shellScript = "#http://stackoverflow.com/questions/28652650/how-to-build-cocoa-touch-framework-for-i386-and-x86-64-architecture\n\nUNIVERSAL_OUTPUTFOLDER=${BUILD_DIR}/${CONFIGURATION}-universal\n\nif [ \"true\" == ${ALREADYINVOKED:-false} ]\nthen\necho \"RECURSION: Detected, stopping\"\nelse\nexport ALREADYINVOKED=\"true\"\n\necho \"${BUILD_DIR}/${CONFIGURATION}\"\n\n# Step 1. Build Device and Simulator versions\nxcodebuild -target \"${PROJECT_NAME}\" ONLY_ACTIVE_ARCH=NO -configuration ${CONFIGURATION} -sdk iphoneos  BUILD_DIR=\"${BUILD_DIR}\" BUILD_ROOT=\"${BUILD_ROOT}\" clean build\nxcodebuild -target \"${PROJECT_NAME}\" -configuration ${CONFIGURATION} -sdk iphonesimulator ONLY_ACTIVE_ARCH=NO BUILD_DIR=\"${BUILD_DIR}\" BUILD_ROOT=\"${BUILD_ROOT}\" clean build\n\n\n# Step 2. Copy the framework structure (from iphoneos build) to the universal folder\ncp -R \"${BUILD_DIR}/${CONFIGURATION}-iphoneos/${PROJECT_NAME}.framework\" \"${UNIVERSAL_OUTPUTFOLDER}/\"\n\n# Step 3. Copy Swift modules (from iphonesimulator build) to the copied framework directory\ncp -R \"${BUILD_DIR}/${CONFIGURATION}-iphonesimulator/${PROJECT_NAME}.framework/Modules/${PROJECT_NAME}.swiftmodule/.\" \"${UNIVERSAL_OUTPUTFOLDER}/${PROJECT_NAME}.framework/Modules/${PROJECT_NAME}.swiftmodule\"\n\n# Step 4. Create universal binary file using lipo and place the combined executable in the copied framework directory\nlipo -create -output \"${UNIVERSAL_OUTPUTFOLDER}/${PROJECT_NAME}.framework/${PROJECT_NAME}\" \"${BUILD_DIR}/${CONFIGURATION}-iphonesimulator/${PROJECT_NAME}.framework/${PROJECT_NAME}\" \"${BUILD_DIR}/${CONFIGURATION}-iphoneos/${PROJECT_NAME}.framework/${PROJECT_NAME}\"\n\n# Step 5. Convenience step to copy the framework to the project's directory\ncp -R \"${UNIVERSAL_OUTPUTFOLDER}/${PROJECT_NAME}.framework\" \"${PROJECT_DIR}\"\n\n# Step 6. Convenience step to open the project's directory in Finder\n# open \"${PROJECT_DIR}\"\n\n# Replace\n#cp -R \"${UNIVERSAL_OUTPUTFOLDER}/.\" \"${BUILD_DIR}/${CONFIGURATION}-iphoneos\"\n#cp -R \"${UNIVERSAL_OUTPUTFOLDER}/.\" \"${BUILD_DIR}/${CONFIGURATION}-iphonesimulator\"\n\nfi";
		};
/* End PBXShellScriptBuildPhase section */

/* Begin PBXSourcesBuildPhase section */
		67E61EB21C205C3C006CA845 /* Sources */ = {
			isa = PBXSourcesBuildPhase;
			buildActionMask = 2147483647;
			files = (
				67E61EF91C208FE7006CA845 /* IAPModel.swift in Sources */,
				67E61EDA1C205DB8006CA845 /* IAPConstants.swift in Sources */,
				67E61ED81C205D83006CA845 /* IAPDateExtensions.swift in Sources */,
				67E61EFB1C209192006CA845 /* IAPEntitlementModel.swift in Sources */,
				67E61ED31C205C6B006CA845 /* InAppPurchase.swift in Sources */,
				67E61ED61C205D6D006CA845 /* IAPNetworkService.swift in Sources */,
				674246B61C21F30E007ECAB9 /* IAPTupleModel.swift in Sources */,
				674246B41C21F1A7007ECAB9 /* IAPHydrateable.swift in Sources */,
				67E61EDD1C20620E006CA845 /* IAPPaymentTransaction.swift in Sources */,
			);
			runOnlyForDeploymentPostprocessing = 0;
		};
		67E61EBD1C205C3C006CA845 /* Sources */ = {
			isa = PBXSourcesBuildPhase;
			buildActionMask = 2147483647;
			files = (
				67E61EFD1C216D09006CA845 /* IAPModel.swift in Sources */,
				67E61EE41C206863006CA845 /* IAPDateExtensions.swift in Sources */,
				67F797321C22F3AF0030EF2A /* MockIAPPaymentTransaction.swift in Sources */,
				674246B21C218337007ECAB9 /* IAPPaymentTransaction.swift in Sources */,
				67E61EEF1C207D74006CA845 /* IAPResponseConsumableTests.swift in Sources */,
				67E61EED1C207D5D006CA845 /* IAPResponseSaveReceiptTests.swift in Sources */,
				67E61EEB1C207D4B006CA845 /* IAPResponseValidateReceiptTests.swift in Sources */,
				67E61EE91C207D28006CA845 /* IAPInitalizationTests.swift in Sources */,
				674246B81C2202B0007ECAB9 /* IAPTupleModel.swift in Sources */,
				67E61EF11C207D81006CA845 /* IAPResponseNonConsumableTests.swift in Sources */,
				67E61F001C217601006CA845 /* IAPModelHydrationTests.swift in Sources */,
				67E61EE31C20673D006CA845 /* IAPConstants.swift in Sources */,
				67E61EE21C2065BF006CA845 /* MockIAPNetworkService.swift in Sources */,
				67E61EFE1C216D0D006CA845 /* IAPEntitlementModel.swift in Sources */,
				674246BA1C221899007ECAB9 /* IAPTupleModelTests.swift in Sources */,
				674246B71C220021007ECAB9 /* IAPHydrateable.swift in Sources */,
				67E61EDF1C206423006CA845 /* IAPNetworkServiceTests.swift in Sources */,
				67E61EE71C207C86006CA845 /* IAPResponseStatusTests.swift in Sources */,
				67F7972A1C22D5620030EF2A /* IAPResponseValidateEntitlementTests.swift in Sources */,
				67E61EE01C206572006CA845 /* IAPNetworkService.swift in Sources */,
				67E61EF71C20845F006CA845 /* InAppPurchase.swift in Sources */,
				67E61EF31C207D9B006CA845 /* IAPResponseEntitlementTests.swift in Sources */,
				67F797301C22E16C0030EF2A /* IAPPaymentTransactionTests.swift in Sources */,
				67E61F021C217624006CA845 /* IAPEntitlementHydrationTests.swift in Sources */,
			);
			runOnlyForDeploymentPostprocessing = 0;
		};
/* End PBXSourcesBuildPhase section */

/* Begin PBXTargetDependency section */
		67E61EC41C205C3C006CA845 /* PBXTargetDependency */ = {
			isa = PBXTargetDependency;
			target = 67E61EB61C205C3C006CA845 /* InAppPurchase */;
			targetProxy = 67E61EC31C205C3C006CA845 /* PBXContainerItemProxy */;
		};
/* End PBXTargetDependency section */

/* Begin PBXVariantGroup section */
		67F7972D1C22DAB30030EF2A /* Localizable.strings */ = {
			isa = PBXVariantGroup;
			children = (
				67F7972C1C22DAB30030EF2A /* en */,
			);
			name = Localizable.strings;
			sourceTree = "<group>";
		};
/* End PBXVariantGroup section */

/* Begin XCBuildConfiguration section */
		67E61EC91C205C3C006CA845 /* Debug */ = {
			isa = XCBuildConfiguration;
			buildSettings = {
				ALWAYS_SEARCH_USER_PATHS = NO;
				CLANG_CXX_LANGUAGE_STANDARD = "gnu++0x";
				CLANG_CXX_LIBRARY = "libc++";
				CLANG_ENABLE_MODULES = YES;
				CLANG_ENABLE_OBJC_ARC = YES;
				CLANG_WARN_BOOL_CONVERSION = YES;
				CLANG_WARN_CONSTANT_CONVERSION = YES;
				CLANG_WARN_DIRECT_OBJC_ISA_USAGE = YES_ERROR;
				CLANG_WARN_EMPTY_BODY = YES;
				CLANG_WARN_ENUM_CONVERSION = YES;
				CLANG_WARN_INT_CONVERSION = YES;
				CLANG_WARN_OBJC_ROOT_CLASS = YES_ERROR;
				CLANG_WARN_UNREACHABLE_CODE = YES;
				CLANG_WARN__DUPLICATE_METHOD_MATCH = YES;
				"CODE_SIGN_IDENTITY[sdk=iphoneos*]" = "iPhone Developer";
				COPY_PHASE_STRIP = NO;
				CURRENT_PROJECT_VERSION = 1;
				DEBUG_INFORMATION_FORMAT = dwarf;
				ENABLE_STRICT_OBJC_MSGSEND = YES;
				ENABLE_TESTABILITY = YES;
				GCC_C_LANGUAGE_STANDARD = gnu99;
				GCC_DYNAMIC_NO_PIC = NO;
				GCC_NO_COMMON_BLOCKS = YES;
				GCC_OPTIMIZATION_LEVEL = 0;
				GCC_PREPROCESSOR_DEFINITIONS = (
					"DEBUG=1",
					"$(inherited)",
				);
				GCC_WARN_64_TO_32_BIT_CONVERSION = YES;
				GCC_WARN_ABOUT_RETURN_TYPE = YES_ERROR;
				GCC_WARN_UNDECLARED_SELECTOR = YES;
				GCC_WARN_UNINITIALIZED_AUTOS = YES_AGGRESSIVE;
				GCC_WARN_UNUSED_FUNCTION = YES;
				GCC_WARN_UNUSED_VARIABLE = YES;
				IPHONEOS_DEPLOYMENT_TARGET = 9.2;
				MTL_ENABLE_DEBUG_INFO = YES;
				ONLY_ACTIVE_ARCH = YES;
				SDKROOT = iphoneos;
				SWIFT_OPTIMIZATION_LEVEL = "-Onone";
				TARGETED_DEVICE_FAMILY = "1,2";
				VERSIONING_SYSTEM = "apple-generic";
				VERSION_INFO_PREFIX = "";
			};
			name = Debug;
		};
		67E61ECA1C205C3C006CA845 /* Release */ = {
			isa = XCBuildConfiguration;
			buildSettings = {
				ALWAYS_SEARCH_USER_PATHS = NO;
				CLANG_CXX_LANGUAGE_STANDARD = "gnu++0x";
				CLANG_CXX_LIBRARY = "libc++";
				CLANG_ENABLE_MODULES = YES;
				CLANG_ENABLE_OBJC_ARC = YES;
				CLANG_WARN_BOOL_CONVERSION = YES;
				CLANG_WARN_CONSTANT_CONVERSION = YES;
				CLANG_WARN_DIRECT_OBJC_ISA_USAGE = YES_ERROR;
				CLANG_WARN_EMPTY_BODY = YES;
				CLANG_WARN_ENUM_CONVERSION = YES;
				CLANG_WARN_INT_CONVERSION = YES;
				CLANG_WARN_OBJC_ROOT_CLASS = YES_ERROR;
				CLANG_WARN_UNREACHABLE_CODE = YES;
				CLANG_WARN__DUPLICATE_METHOD_MATCH = YES;
				"CODE_SIGN_IDENTITY[sdk=iphoneos*]" = "iPhone Developer";
				COPY_PHASE_STRIP = NO;
				CURRENT_PROJECT_VERSION = 1;
				DEBUG_INFORMATION_FORMAT = "dwarf-with-dsym";
				ENABLE_NS_ASSERTIONS = NO;
				ENABLE_STRICT_OBJC_MSGSEND = YES;
				GCC_C_LANGUAGE_STANDARD = gnu99;
				GCC_NO_COMMON_BLOCKS = YES;
				GCC_WARN_64_TO_32_BIT_CONVERSION = YES;
				GCC_WARN_ABOUT_RETURN_TYPE = YES_ERROR;
				GCC_WARN_UNDECLARED_SELECTOR = YES;
				GCC_WARN_UNINITIALIZED_AUTOS = YES_AGGRESSIVE;
				GCC_WARN_UNUSED_FUNCTION = YES;
				GCC_WARN_UNUSED_VARIABLE = YES;
				IPHONEOS_DEPLOYMENT_TARGET = 9.2;
				MTL_ENABLE_DEBUG_INFO = NO;
				SDKROOT = iphoneos;
				TARGETED_DEVICE_FAMILY = "1,2";
				VALIDATE_PRODUCT = YES;
				VERSIONING_SYSTEM = "apple-generic";
				VERSION_INFO_PREFIX = "";
			};
			name = Release;
		};
		67E61ECC1C205C3C006CA845 /* Debug */ = {
			isa = XCBuildConfiguration;
			buildSettings = {
				ARCHS = "$(ARCHS_STANDARD)";
				CLANG_ENABLE_MODULES = YES;
				DEFINES_MODULE = YES;
				DYLIB_COMPATIBILITY_VERSION = 1;
				DYLIB_CURRENT_VERSION = 1;
				DYLIB_INSTALL_NAME_BASE = "@rpath";
				INFOPLIST_FILE = InAppPurchase/Info.plist;
				INSTALL_PATH = "$(LOCAL_LIBRARY_DIR)/Frameworks";
				IPHONEOS_DEPLOYMENT_TARGET = 8.4;
				LD_RUNPATH_SEARCH_PATHS = "$(inherited) @executable_path/Frameworks @loader_path/Frameworks";
				ONLY_ACTIVE_ARCH = NO;
				PRODUCT_BUNDLE_IDENTIFIER = com.nthstate.InAppPurchase;
				PRODUCT_NAME = "$(TARGET_NAME)";
				SKIP_INSTALL = YES;
				SWIFT_OPTIMIZATION_LEVEL = "-Onone";
				VALID_ARCHS = "arm64 armv7 armv7s i386";
			};
			name = Debug;
		};
		67E61ECD1C205C3C006CA845 /* Release */ = {
			isa = XCBuildConfiguration;
			buildSettings = {
				ARCHS = "$(ARCHS_STANDARD)";
				CLANG_ENABLE_MODULES = YES;
				DEFINES_MODULE = YES;
				DYLIB_COMPATIBILITY_VERSION = 1;
				DYLIB_CURRENT_VERSION = 1;
				DYLIB_INSTALL_NAME_BASE = "@rpath";
				INFOPLIST_FILE = InAppPurchase/Info.plist;
				INSTALL_PATH = "$(LOCAL_LIBRARY_DIR)/Frameworks";
				IPHONEOS_DEPLOYMENT_TARGET = 8.4;
				LD_RUNPATH_SEARCH_PATHS = "$(inherited) @executable_path/Frameworks @loader_path/Frameworks";
				PRODUCT_BUNDLE_IDENTIFIER = com.nthstate.InAppPurchase;
				PRODUCT_NAME = "$(TARGET_NAME)";
				SKIP_INSTALL = YES;
				VALID_ARCHS = "arm64 armv7 armv7s i386";
			};
			name = Release;
		};
		67E61ECF1C205C3C006CA845 /* Debug */ = {
			isa = XCBuildConfiguration;
			buildSettings = {
				INFOPLIST_FILE = InAppPurchaseTests/Info.plist;
				LD_RUNPATH_SEARCH_PATHS = "$(inherited) @executable_path/Frameworks @loader_path/Frameworks";
				PRODUCT_BUNDLE_IDENTIFIER = com.nthstate.InAppPurchaseTests;
				PRODUCT_NAME = "$(TARGET_NAME)";
			};
			name = Debug;
		};
		67E61ED01C205C3C006CA845 /* Release */ = {
			isa = XCBuildConfiguration;
			buildSettings = {
				INFOPLIST_FILE = InAppPurchaseTests/Info.plist;
				LD_RUNPATH_SEARCH_PATHS = "$(inherited) @executable_path/Frameworks @loader_path/Frameworks";
				PRODUCT_BUNDLE_IDENTIFIER = com.nthstate.InAppPurchaseTests;
				PRODUCT_NAME = "$(TARGET_NAME)";
			};
			name = Release;
		};
/* End XCBuildConfiguration section */

/* Begin XCConfigurationList section */
		67E61EB11C205C3C006CA845 /* Build configuration list for PBXProject "InAppPurchase" */ = {
			isa = XCConfigurationList;
			buildConfigurations = (
				67E61EC91C205C3C006CA845 /* Debug */,
				67E61ECA1C205C3C006CA845 /* Release */,
			);
			defaultConfigurationIsVisible = 0;
			defaultConfigurationName = Release;
		};
		67E61ECB1C205C3C006CA845 /* Build configuration list for PBXNativeTarget "InAppPurchase" */ = {
			isa = XCConfigurationList;
			buildConfigurations = (
				67E61ECC1C205C3C006CA845 /* Debug */,
				67E61ECD1C205C3C006CA845 /* Release */,
			);
			defaultConfigurationIsVisible = 0;
			defaultConfigurationName = Release;
		};
		67E61ECE1C205C3C006CA845 /* Build configuration list for PBXNativeTarget "InAppPurchaseTests" */ = {
			isa = XCConfigurationList;
			buildConfigurations = (
				67E61ECF1C205C3C006CA845 /* Debug */,
				67E61ED01C205C3C006CA845 /* Release */,
			);
			defaultConfigurationIsVisible = 0;
			defaultConfigurationName = Release;
		};
/* End XCConfigurationList section */
	};
	rootObject = 67E61EAE1C205C3C006CA845 /* Project object */;
}
